# This file is autogenerated, do not edit; changes may be undone by the next 'dep ensure'.


[[projects]]
  name = "github.com/go-resty/resty"
  packages = ["."]
  revision = "9ac9c42358f7c3c69ac9f8610e8790d7c338e85d"
  version = "v1.0"

[[projects]]
  branch = "master"
  name = "github.com/grafeas/client-go"
  packages = ["v1alpha1"]
  revision = "d30b35402e7c6dfc9427d967ce12af59683e206a"

[[projects]]
  branch = "master"
  name = "github.com/grafeas/grafeas"
  packages = ["samples/server/go-server/api/server/name","server-go/errors"]
  revision = "1a4372824f81c6678914bbb90dfc7546e7e5cc79"

[[projects]]
  branch = "master"
  name = "golang.org/x/net"
  packages = ["idna","publicsuffix"]
  revision = "894f8ed5849b15b810ae41e9590a0d05395bba27"

[[projects]]
  branch = "master"
  name = "golang.org/x/text"
  packages = ["collate","collate/build","internal/colltab","internal/gen","internal/tag","internal/triegen","internal/ucd","language","secure/bidirule","transform","unicode/bidi","unicode/cldr","unicode/norm","unicode/rangetable"]
  revision = "572a2b141f625f4360cf42a41a43622067e0510b"

[solve-meta]
  analyzer-name = "dep"
  analyzer-version = 1
  inputs-digest = "029a8a1b543684dcde4169ec0e41f3c1036d553296d0a9362aaf0509982ce2f0"
  solver-name = "gps-cdcl"
  solver-version = 1
